
Microsoft Visual Studio Solution File, Format Version 12.00
# Visual Studio Version 17
VisualStudioVersion = 17.5.33424.131
MinimumVisualStudioVersion = 10.0.40219.1
Project("{FAE04EC0-301F-11D3-BF4B-00C04F79EFBC}") = "n2SuperFatorial", "n2SuperFatorial\n2SuperFatorial.csproj", "{ABE62609-68C9-49BC-B1CC-3C62C7F08923}"
EndProject
Global
	GlobalSection(SolutionConfigurationPlatforms) = preSolution
		Debug|Any CPU = Debug|Any CPU
		Release|Any CPU = Release|Any CPU
	EndGlobalSection
	GlobalSection(ProjectConfigurationPlatforms) = postSolution
		{ABE62609-68C9-49BC-B1CC-3C62C7F08923}.Debug|Any CPU.ActiveCfg = Debug|Any CPU
		{ABE62609-68C9-49BC-B1CC-3C62C7F08923}.Debug|Any CPU.Build.0 = Debug|Any CPU
		{ABE62609-68C9-49BC-B1CC-3C62C7F08923}.Release|Any CPU.ActiveCfg = Release|Any CPU
		{ABE62609-68C9-49BC-B1CC-3C62C7F08923}.Release|Any CPU.Build.0 = Release|Any CPU
	EndGlobalSection
	GlobalSection(SolutionProperties) = preSolution
		HideSolutionNode = FALSE
	EndGlobalSection
	GlobalSection(ExtensibilityGlobals) = postSolution
		SolutionGuid = {8BC29B66-1F3A-45C0-9EC3-F1487DBF122D}
	EndGlobalSection
EndGlobal
